{
  "version": 4,
  "terraform_version": "1.11.2",
  "serial": 4,
  "lineage": "5a8aa5ec-e677-3978-5222-be2e407c3668",
  "outputs": {
    "s3_bucket_name": {
      "value": "jenkins-terraform-demo-bucket20250320123528563800000001",
      "type": "string"
    }
  },
  "resources": [
    {
      "mode": "managed",
      "type": "aws_s3_bucket",
      "name": "web_bucket",
      "provider": "provider[\"registry.terraform.io/hashicorp/aws\"]",
      "instances": [
        {
          "schema_version": 0,
          "attributes": {
            "acceleration_status": "",
            "acl": null,
            "arn": "arn:aws:s3:::jenkins-terraform-demo-bucket20250320123528563800000001",
            "bucket": "jenkins-terraform-demo-bucket20250320123528563800000001",
            "bucket_domain_name": "jenkins-terraform-demo-bucket20250320123528563800000001.s3.amazonaws.com",
            "bucket_prefix": "jenkins-terraform-demo-bucket",
            "bucket_regional_domain_name": "jenkins-terraform-demo-bucket20250320123528563800000001.s3.ap-south-1.amazonaws.com",
            "cors_rule": [],
            "force_destroy": false,
            "grant": [
              {
                "id": "303356c0278d61bd8eaa5402f7dcd9d2aced178844703a7fa64083aea8b222fa",
                "permissions": [
                  "FULL_CONTROL"
                ],
                "type": "CanonicalUser",
                "uri": ""
              }
            ],
            "hosted_zone_id": "Z11RGJOFQNVJUP",
            "id": "jenkins-terraform-demo-bucket20250320123528563800000001",
            "lifecycle_rule": [],
            "logging": [],
            "object_lock_configuration": [],
            "object_lock_enabled": false,
            "policy": "",
            "region": "ap-south-1",
            "replication_configuration": [],
            "request_payer": "BucketOwner",
            "server_side_encryption_configuration": [
              {
                "rule": [
                  {
                    "apply_server_side_encryption_by_default": [
                      {
                        "kms_master_key_id": "",
                        "sse_algorithm": "AES256"
                      }
                    ],
                    "bucket_key_enabled": false
                  }
                ]
              }
            ],
            "tags": {
              "Name": "Jenkins-Terraform-S3"
            },
            "tags_all": {
              "Name": "Jenkins-Terraform-S3"
            },
            "timeouts": null,
            "versioning": [
              {
                "enabled": false,
                "mfa_delete": false
              }
            ],
            "website": [],
            "website_domain": null,
            "website_endpoint": null
          },
          "sensitive_attributes": [],
          "private": "eyJlMmJmYjczMC1lY2FhLTExZTYtOGY4OC0zNDM2M2JjN2M0YzAiOnsiY3JlYXRlIjoxMjAwMDAwMDAwMDAwLCJkZWxldGUiOjM2MDAwMDAwMDAwMDAsInJlYWQiOjEyMDAwMDAwMDAwMDAsInVwZGF0ZSI6MTIwMDAwMDAwMDAwMH19"
        }
      ]
    },
    {
      "mode": "managed",
      "type": "random_id",
      "name": "bucket_id",
      "provider": "provider[\"registry.terraform.io/hashicorp/random\"]",
      "instances": [
        {
          "schema_version": 0,
          "attributes": {
            "b64_std": "feWE8Q==",
            "b64_url": "feWE8Q",
            "byte_length": 4,
            "dec": "2112193777",
            "hex": "7de584f1",
            "id": "feWE8Q",
            "keepers": null,
            "prefix": null
          },
          "sensitive_attributes": []
        }
      ]
    }
  ],
  "check_results": null
}
